
Microsoft Visual Studio Solution File, Format Version 12.00
# Visual Studio Version 17
VisualStudioVersion = 17.3.32929.385
MinimumVisualStudioVersion = 10.0.40219.1
Project("{FAE04EC0-301F-11D3-BF4B-00C04F79EFBC}") = "softersko_inzenjerstvo_projekat", "softersko_inzenjerstvo_projekat\softersko_inzenjerstvo_projekat.csproj", "{4BF06021-2E99-41BC-B6DA-6CB9B90BE03E}"
EndProject
Global
	GlobalSection(SolutionConfigurationPlatforms) = preSolution
		Debug|Any CPU = Debug|Any CPU
		Release|Any CPU = Release|Any CPU
	EndGlobalSection
	GlobalSection(ProjectConfigurationPlatforms) = postSolution
		{4BF06021-2E99-41BC-B6DA-6CB9B90BE03E}.Debug|Any CPU.ActiveCfg = Debug|Any CPU
		{4BF06021-2E99-41BC-B6DA-6CB9B90BE03E}.Debug|Any CPU.Build.0 = Debug|Any CPU
		{4BF06021-2E99-41BC-B6DA-6CB9B90BE03E}.Release|Any CPU.ActiveCfg = Release|Any CPU
		{4BF06021-2E99-41BC-B6DA-6CB9B90BE03E}.Release|Any CPU.Build.0 = Release|Any CPU
	EndGlobalSection
	GlobalSection(SolutionProperties) = preSolution
		HideSolutionNode = FALSE
	EndGlobalSection
	GlobalSection(ExtensibilityGlobals) = postSolution
		SolutionGuid = {C41422BB-2910-4D0C-B4AF-613D95EC5E23}
	EndGlobalSection
EndGlobal
